// !$*UTF8*$!
{
	archiveVersion = 1;
	classes = {
	};
	objectVersion = 50;
	objects = {

/* Begin PBXBuildFile section */
		3F7A62B3265B3EB800BF851E /* KeyValueRow.swift in Sources */ = {isa = PBXBuildFile; fileRef = 3F7A62B2265B3EB800BF851E /* KeyValueRow.swift */; };
		3F90742C265AEFA80047BA18 /* ActivityApp.swift in Sources */ = {isa = PBXBuildFile; fileRef = 3F90742B265AEFA80047BA18 /* ActivityApp.swift */; };
		3F90742E265AEFA80047BA18 /* ContentView.swift in Sources */ = {isa = PBXBuildFile; fileRef = 3F90742D265AEFA80047BA18 /* ContentView.swift */; };
		3F907430265AEFAA0047BA18 /* Assets.xcassets in Resources */ = {isa = PBXBuildFile; fileRef = 3F90742F265AEFAA0047BA18 /* Assets.xcassets */; };
		3F907433265AEFAA0047BA18 /* Preview Assets.xcassets in Resources */ = {isa = PBXBuildFile; fileRef = 3F907432265AEFAA0047BA18 /* Preview Assets.xcassets */; };
		3F90743E265AEFAA0047BA18 /* ActivityTests.swift in Sources */ = {isa = PBXBuildFile; fileRef = 3F90743D265AEFAA0047BA18 /* ActivityTests.swift */; };
		3F907449265AEFAA0047BA18 /* ActivityUITests.swift in Sources */ = {isa = PBXBuildFile; fileRef = 3F907448265AEFAA0047BA18 /* ActivityUITests.swift */; };
/* End PBXBuildFile section */

/* Begin PBXContainerItemProxy section */
		3F90743A265AEFAA0047BA18 /* PBXContainerItemProxy */ = {
			isa = PBXContainerItemProxy;
			containerPortal = 3F907420265AEFA80047BA18 /* Project object */;
			proxyType = 1;
			remoteGlobalIDString = 3F907427265AEFA80047BA18;
			remoteInfo = Activity;
		};
		3F907445265AEFAA0047BA18 /* PBXContainerItemProxy */ = {
			isa = PBXContainerItemProxy;
			containerPortal = 3F907420265AEFA80047BA18 /* Project object */;
			proxyType = 1;
			remoteGlobalIDString = 3F907427265AEFA80047BA18;
			remoteInfo = Activity;
		};
/* End PBXContainerItemProxy section */

/* Begin PBXFileReference section */
		3F7A62B2265B3EB800BF851E /* KeyValueRow.swift */ = {isa = PBXFileReference; lastKnownFileType = sourcecode.swift; path = KeyValueRow.swift; sourceTree = "<group>"; };
		3F907428265AEFA80047BA18 /* Activity.app */ = {isa = PBXFileReference; explicitFileType = wrapper.application; includeInIndex = 0; path = Activity.app; sourceTree = BUILT_PRODUCTS_DIR; };
		3F90742B265AEFA80047BA18 /* ActivityApp.swift */ = {isa = PBXFileReference; lastKnownFileType = sourcecode.swift; path = ActivityApp.swift; sourceTree = "<group>"; };
		3F90742D265AEFA80047BA18 /* ContentView.swift */ = {isa = PBXFileReference; lastKnownFileType = sourcecode.swift; path = ContentView.swift; sourceTree = "<group>"; };
		3F90742F265AEFAA0047BA18 /* Assets.xcassets */ = {isa = PBXFileReference; lastKnownFileType = folder.assetcatalog; path = Assets.xcassets; sourceTree = "<group>"; };
		3F907432265AEFAA0047BA18 /* Preview Assets.xcassets */ = {isa = PBXFileReference; lastKnownFileType = folder.assetcatalog; path = "Preview Assets.xcassets"; sourceTree = "<group>"; };
		3F907434265AEFAA0047BA18 /* Info.plist */ = {isa = PBXFileReference; lastKnownFileType = text.plist.xml; path = Info.plist; sourceTree = "<group>"; };
		3F907439265AEFAA0047BA18 /* ActivityTests.xctest */ = {isa = PBXFileReference; explicitFileType = wrapper.cfbundle; includeInIndex = 0; path = ActivityTests.xctest; sourceTree = BUILT_PRODUCTS_DIR; };
		3F90743D265AEFAA0047BA18 /* ActivityTests.swift */ = {isa = PBXFileReference; lastKnownFileType = sourcecode.swift; path = ActivityTests.swift; sourceTree = "<group>"; };
		3F90743F265AEFAA0047BA18 /* Info.plist */ = {isa = PBXFileReference; lastKnownFileType = text.plist.xml; path = Info.plist; sourceTree = "<group>"; };
		3F907444265AEFAA0047BA18 /* ActivityUITests.xctest */ = {isa = PBXFileReference; explicitFileType = wrapper.cfbundle; includeInIndex = 0; path = ActivityUITests.xctest; sourceTree = BUILT_PRODUCTS_DIR; };
		3F907448265AEFAA0047BA18 /* ActivityUITests.swift */ = {isa = PBXFileReference; lastKnownFileType = sourcecode.swift; path = ActivityUITests.swift; sourceTree = "<group>"; };
		3F90744A265AEFAA0047BA18 /* Info.plist */ = {isa = PBXFileReference; lastKnownFileType = text.plist.xml; path = Info.plist; sourceTree = "<group>"; };
/* End PBXFileReference section */

/* Begin PBXFrameworksBuildPhase section */
		3F907425265AEFA80047BA18 /* Frameworks */ = {
			isa = PBXFrameworksBuildPhase;
			buildActionMask = 2147483647;
			files = (
			);
			runOnlyForDeploymentPostprocessing = 0;
		};
		3F907436265AEFAA0047BA18 /* Frameworks */ = {
			isa = PBXFrameworksBuildPhase;
			buildActionMask = 2147483647;
			files = (
			);
			runOnlyForDeploymentPostprocessing = 0;
		};
		3F907441265AEFAA0047BA18 /* Frameworks */ = {
			isa = PBXFrameworksBuildPhase;
			buildActionMask = 2147483647;
			files = (
			);
			runOnlyForDeploymentPostprocessing = 0;
		};
/* End PBXFrameworksBuildPhase section */

/* Begin PBXGroup section */
		3F90741F265AEFA80047BA18 = {
			isa = PBXGroup;
			children = (
				3F90742A265AEFA80047BA18 /* Activity */,
				3F90743C265AEFAA0047BA18 /* ActivityTests */,
				3F907447265AEFAA0047BA18 /* ActivityUITests */,
				3F907429265AEFA80047BA18 /* Products */,
			);
			sourceTree = "<group>";
		};
		3F907429265AEFA80047BA18 /* Products */ = {
			isa = PBXGroup;
			children = (
				3F907428265AEFA80047BA18 /* Activity.app */,
				3F907439265AEFAA0047BA18 /* ActivityTests.xctest */,
				3F907444265AEFAA0047BA18 /* ActivityUITests.xctest */,
			);
			name = Products;
			sourceTree = "<group>";
		};
		3F90742A265AEFA80047BA18 /* Activity */ = {
			isa = PBXGroup;
			children = (
				3F90742B265AEFA80047BA18 /* ActivityApp.swift */,
				3F90742D265AEFA80047BA18 /* ContentView.swift */,
				3F90742F265AEFAA0047BA18 /* Assets.xcassets */,
				3F907434265AEFAA0047BA18 /* Info.plist */,
				3F907431265AEFAA0047BA18 /* Preview Content */,
				3F7A62B2265B3EB800BF851E /* KeyValueRow.swift */,
			);
			path = Activity;
			sourceTree = "<group>";
		};
		3F907431265AEFAA0047BA18 /* Preview Content */ = {
			isa = PBXGroup;
			children = (
				3F907432265AEFAA0047BA18 /* Preview Assets.xcassets */,
			);
			path = "Preview Content";
			sourceTree = "<group>";
		};
		3F90743C265AEFAA0047BA18 /* ActivityTests */ = {
			isa = PBXGroup;
			children = (
				3F90743D265AEFAA0047BA18 /* ActivityTests.swift */,
				3F90743F265AEFAA0047BA18 /* Info.plist */,
			);
			path = ActivityTests;
			sourceTree = "<group>";
		};
		3F907447265AEFAA0047BA18 /* ActivityUITests */ = {
			isa = PBXGroup;
			children = (
				3F907448265AEFAA0047BA18 /* ActivityUITests.swift */,
				3F90744A265AEFAA0047BA18 /* Info.plist */,
			);
			path = ActivityUITests;
			sourceTree = "<group>";
		};
/* End PBXGroup section */

/* Begin PBXNativeTarget section */
		3F907427265AEFA80047BA18 /* Activity */ = {
			isa = PBXNativeTarget;
			buildConfigurationList = 3F90744D265AEFAA0047BA18 /* Build configuration list for PBXNativeTarget "Activity" */;
			buildPhases = (
				3F907424265AEFA80047BA18 /* Sources */,
				3F907425265AEFA80047BA18 /* Frameworks */,
				3F907426265AEFA80047BA18 /* Resources */,
			);
			buildRules = (
			);
			dependencies = (
			);
			name = Activity;
			productName = Activity;
			productReference = 3F907428265AEFA80047BA18 /* Activity.app */;
			productType = "com.apple.product-type.application";
		};
		3F907438265AEFAA0047BA18 /* ActivityTests */ = {
			isa = PBXNativeTarget;
			buildConfigurationList = 3F907450265AEFAA0047BA18 /* Build configuration list for PBXNativeTarget "ActivityTests" */;
			buildPhases = (
				3F907435265AEFAA0047BA18 /* Sources */,
				3F907436265AEFAA0047BA18 /* Frameworks */,
				3F907437265AEFAA0047BA18 /* Resources */,
			);
			buildRules = (
			);
			dependencies = (
				3F90743B265AEFAA0047BA18 /* PBXTargetDependency */,
			);
			name = ActivityTests;
			productName = ActivityTests;
			productReference = 3F907439265AEFAA0047BA18 /* ActivityTests.xctest */;
			productType = "com.apple.product-type.bundle.unit-test";
		};
		3F907443265AEFAA0047BA18 /* ActivityUITests */ = {
			isa = PBXNativeTarget;
			buildConfigurationList = 3F907453265AEFAA0047BA18 /* Build configuration list for PBXNativeTarget "ActivityUITests" */;
			buildPhases = (
				3F907440265AEFAA0047BA18 /* Sources */,
				3F907441265AEFAA0047BA18 /* Frameworks */,
				3F907442265AEFAA0047BA18 /* Resources */,
			);
			buildRules = (
			);
			dependencies = (
				3F907446265AEFAA0047BA18 /* PBXTargetDependency */,
			);
			name = ActivityUITests;
			productName = ActivityUITests;
			productReference = 3F907444265AEFAA0047BA18 /* ActivityUITests.xctest */;
			productType = "com.apple.product-type.bundle.ui-testing";
		};
/* End PBXNativeTarget section */

/* Begin PBXProject section */
		3F907420265AEFA80047BA18 /* Project object */ = {
			isa = PBXProject;
			attributes = {
				LastSwiftUpdateCheck = 1250;
				LastUpgradeCheck = 1250;
				TargetAttributes = {
					3F907427265AEFA80047BA18 = {
						CreatedOnToolsVersion = 12.5;
					};
					3F907438265AEFAA0047BA18 = {
						CreatedOnToolsVersion = 12.5;
						TestTargetID = 3F907427265AEFA80047BA18;
					};
					3F907443265AEFAA0047BA18 = {
						CreatedOnToolsVersion = 12.5;
						TestTargetID = 3F907427265AEFA80047BA18;
					};
				};
			};
			buildConfigurationList = 3F907423265AEFA80047BA18 /* Build configuration list for PBXProject "Activity" */;
			compatibilityVersion = "Xcode 9.3";
			developmentRegion = en;
			hasScannedForEncodings = 0;
			knownRegions = (
				en,
				Base,
			);
			mainGroup = 3F90741F265AEFA80047BA18;
			productRefGroup = 3F907429265AEFA80047BA18 /* Products */;
			projectDirPath = "";
			projectRoot = "";
			targets = (
				3F907427265AEFA80047BA18 /* Activity */,
				3F907438265AEFAA0047BA18 /* ActivityTests */,
				3F907443265AEFAA0047BA18 /* ActivityUITests */,
			);
		};
/* End PBXProject section */

/* Begin PBXResourcesBuildPhase section */
		3F907426265AEFA80047BA18 /* Resources */ = {
			isa = PBXResourcesBuildPhase;
			buildActionMask = 2147483647;
			files = (
				3F907433265AEFAA0047BA18 /* Preview Assets.xcassets in Resources */,
				3F907430265AEFAA0047BA18 /* Assets.xcassets in Resources */,
			);
			runOnlyForDeploymentPostprocessing = 0;
		};
		3F907437265AEFAA0047BA18 /* Resources */ = {
			isa = PBXResourcesBuildPhase;
			buildActionMask = 2147483647;
			files = (
			);
			runOnlyForDeploymentPostprocessing = 0;
		};
		3F907442265AEFAA0047BA18 /* Resources */ = {
			isa = PBXResourcesBuildPhase;
			buildActionMask = 2147483647;
			files = (
			);
			runOnlyForDeploymentPostprocessing = 0;
		};
/* End PBXResourcesBuildPhase section */

/* Begin PBXSourcesBuildPhase section */
		3F907424265AEFA80047BA18 /* Sources */ = {
			isa = PBXSourcesBuildPhase;
			buildActionMask = 2147483647;
			files = (
				3F7A62B3265B3EB800BF851E /* KeyValueRow.swift in Sources */,
				3F90742E265AEFA80047BA18 /* ContentView.swift in Sources */,
				3F90742C265AEFA80047BA18 /* ActivityApp.swift in Sources */,
			);
			runOnlyForDeploymentPostprocessing = 0;
		};
		3F907435265AEFAA0047BA18 /* Sources */ = {
			isa = PBXSourcesBuildPhase;
			buildActionMask = 2147483647;
			files = (
				3F90743E265AEFAA0047BA18 /* ActivityTests.swift in Sources */,
			);
			runOnlyForDeploymentPostprocessing = 0;
		};
		3F907440265AEFAA0047BA18 /* Sources */ = {
			isa = PBXSourcesBuildPhase;
			buildActionMask = 2147483647;
			files = (
				3F907449265AEFAA0047BA18 /* ActivityUITests.swift in Sources */,
			);
			runOnlyForDeploymentPostprocessing = 0;
		};
/* End PBXSourcesBuildPhase section */

/* Begin PBXTargetDependency section */
		3F90743B265AEFAA0047BA18 /* PBXTargetDependency */ = {
			isa = PBXTargetDependency;
			target = 3F907427265AEFA80047BA18 /* Activity */;
			targetProxy = 3F90743A265AEFAA0047BA18 /* PBXContainerItemProxy */;
		};
		3F907446265AEFAA0047BA18 /* PBXTargetDependency */ = {
			isa = PBXTargetDependency;
			target = 3F907427265AEFA80047BA18 /* Activity */;
			targetProxy = 3F907445265AEFAA0047BA18 /* PBXContainerItemProxy */;
		};
/* End PBXTargetDependency section */

/* Begin XCBuildConfiguration section */
		3F90744B265AEFAA0047BA18 /* Debug */ = {
			isa = XCBuildConfiguration;
			buildSettings = {
				ALWAYS_SEARCH_USER_PATHS = NO;
				CLANG_ANALYZER_NONNULL = YES;
				CLANG_ANALYZER_NUMBER_OBJECT_CONVERSION = YES_AGGRESSIVE;
				CLANG_CXX_LANGUAGE_STANDARD = "gnu++14";
				CLANG_CXX_LIBRARY = "libc++";
				CLANG_ENABLE_MODULES = YES;
				CLANG_ENABLE_OBJC_ARC = YES;
				CLANG_ENABLE_OBJC_WEAK = YES;
				CLANG_WARN_BLOCK_CAPTURE_AUTORELEASING = YES;
				CLANG_WARN_BOOL_CONVERSION = YES;
				CLANG_WARN_COMMA = YES;
				CLANG_WARN_CONSTANT_CONVERSION = YES;
				CLANG_WARN_DEPRECATED_OBJC_IMPLEMENTATIONS = YES;
				CLANG_WARN_DIRECT_OBJC_ISA_USAGE = YES_ERROR;
				CLANG_WARN_DOCUMENTATION_COMMENTS = YES;
				CLANG_WARN_EMPTY_BODY = YES;
				CLANG_WARN_ENUM_CONVERSION = YES;
				CLANG_WARN_INFINITE_RECURSION = YES;
				CLANG_WARN_INT_CONVERSION = YES;
				CLANG_WARN_NON_LITERAL_NULL_CONVERSION = YES;
				CLANG_WARN_OBJC_IMPLICIT_RETAIN_SELF = YES;
				CLANG_WARN_OBJC_LITERAL_CONVERSION = YES;
				CLANG_WARN_OBJC_ROOT_CLASS = YES_ERROR;
				CLANG_WARN_QUOTED_INCLUDE_IN_FRAMEWORK_HEADER = YES;
				CLANG_WARN_RANGE_LOOP_ANALYSIS = YES;
				CLANG_WARN_STRICT_PROTOTYPES = YES;
				CLANG_WARN_SUSPICIOUS_MOVE = YES;
				CLANG_WARN_UNGUARDED_AVAILABILITY = YES_AGGRESSIVE;
				CLANG_WARN_UNREACHABLE_CODE = YES;
				CLANG_WARN__DUPLICATE_METHOD_MATCH = YES;
				COPY_PHASE_STRIP = NO;
				DEBUG_INFORMATION_FORMAT = dwarf;
				ENABLE_STRICT_OBJC_MSGSEND = YES;
				ENABLE_TESTABILITY = YES;
				GCC_C_LANGUAGE_STANDARD = gnu11;
				GCC_DYNAMIC_NO_PIC = NO;
				GCC_NO_COMMON_BLOCKS = YES;
				GCC_OPTIMIZATION_LEVEL = 0;
				GCC_PREPROCESSOR_DEFINITIONS = (
					"DEBUG=1",
					"$(inherited)",
				);
				GCC_WARN_64_TO_32_BIT_CONVERSION = YES;
				GCC_WARN_ABOUT_RETURN_TYPE = YES_ERROR;
				GCC_WARN_UNDECLARED_SELECTOR = YES;
				GCC_WARN_UNINITIALIZED_AUTOS = YES_AGGRESSIVE;
				GCC_WARN_UNUSED_FUNCTION = YES;
				GCC_WARN_UNUSED_VARIABLE = YES;
				IPHONEOS_DEPLOYMENT_TARGET = 14.5;
				MTL_ENABLE_DEBUG_INFO = INCLUDE_SOURCE;
				MTL_FAST_MATH = YES;
				ONLY_ACTIVE_ARCH = YES;
				SDKROOT = iphoneos;
				SWIFT_ACTIVE_COMPILATION_CONDITIONS = DEBUG;
				SWIFT_OPTIMIZATION_LEVEL = "-Onone";
			};
			name = Debug;
		};
		3F90744C265AEFAA0047BA18 /* Release */ = {
			isa = XCBuildConfiguration;
			buildSettings = {
				ALWAYS_SEARCH_USER_PATHS = NO;
				CLANG_ANALYZER_NONNULL = YES;
				CLANG_ANALYZER_NUMBER_OBJECT_CONVERSION = YES_AGGRESSIVE;
				CLANG_CXX_LANGUAGE_STANDARD = "gnu++14";
				CLANG_CXX_LIBRARY = "libc++";
				CLANG_ENABLE_MODULES = YES;
				CLANG_ENABLE_OBJC_ARC = YES;
				CLANG_ENABLE_OBJC_WEAK = YES;
				CLANG_WARN_BLOCK_CAPTURE_AUTORELEASING = YES;
				CLANG_WARN_BOOL_CONVERSION = YES;
				CLANG_WARN_COMMA = YES;
				CLANG_WARN_CONSTANT_CONVERSION = YES;
				CLANG_WARN_DEPRECATED_OBJC_IMPLEMENTATIONS = YES;
				CLANG_WARN_DIRECT_OBJC_ISA_USAGE = YES_ERROR;
				CLANG_WARN_DOCUMENTATION_COMMENTS = YES;
				CLANG_WARN_EMPTY_BODY = YES;
				CLANG_WARN_ENUM_CONVERSION = YES;
				CLANG_WARN_INFINITE_RECURSION = YES;
				CLANG_WARN_INT_CONVERSION = YES;
				CLANG_WARN_NON_LITERAL_NULL_CONVERSION = YES;
				CLANG_WARN_OBJC_IMPLICIT_RETAIN_SELF = YES;
				CLANG_WARN_OBJC_LITERAL_CONVERSION = YES;
				CLANG_WARN_OBJC_ROOT_CLASS = YES_ERROR;
				CLANG_WARN_QUOTED_INCLUDE_IN_FRAMEWORK_HEADER = YES;
				CLANG_WARN_RANGE_LOOP_ANALYSIS = YES;
				CLANG_WARN_STRICT_PROTOTYPES = YES;
				CLANG_WARN_SUSPICIOUS_MOVE = YES;
				CLANG_WARN_UNGUARDED_AVAILABILITY = YES_AGGRESSIVE;
				CLANG_WARN_UNREACHABLE_CODE = YES;
				CLANG_WARN__DUPLICATE_METHOD_MATCH = YES;
				COPY_PHASE_STRIP = NO;
				DEBUG_INFORMATION_FORMAT = "dwarf-with-dsym";
				ENABLE_NS_ASSERTIONS = NO;
				ENABLE_STRICT_OBJC_MSGSEND = YES;
				GCC_C_LANGUAGE_STANDARD = gnu11;
				GCC_NO_COMMON_BLOCKS = YES;
				GCC_WARN_64_TO_32_BIT_CONVERSION = YES;
				GCC_WARN_ABOUT_RETURN_TYPE = YES_ERROR;
				GCC_WARN_UNDECLARED_SELECTOR = YES;
				GCC_WARN_UNINITIALIZED_AUTOS = YES_AGGRESSIVE;
				GCC_WARN_UNUSED_FUNCTION = YES;
				GCC_WARN_UNUSED_VARIABLE = YES;
				IPHONEOS_DEPLOYMENT_TARGET = 14.5;
				MTL_ENABLE_DEBUG_INFO = NO;
				MTL_FAST_MATH = YES;
				SDKROOT = iphoneos;
				SWIFT_COMPILATION_MODE = wholemodule;
				SWIFT_OPTIMIZATION_LEVEL = "-O";
				VALIDATE_PRODUCT = YES;
			};
			name = Release;
		};
		3F90744E265AEFAA0047BA18 /* Debug */ = {
			isa = XCBuildConfiguration;
			buildSettings = {
				ASSETCATALOG_COMPILER_APPICON_NAME = AppIcon;
				ASSETCATALOG_COMPILER_GLOBAL_ACCENT_COLOR_NAME = AccentColor;
				CODE_SIGN_STYLE = Automatic;
				DEVELOPMENT_ASSET_PATHS = "\"Activity/Preview Content\"";
				DEVELOPMENT_TEAM = 8B5MQ7U42Y;
				ENABLE_PREVIEWS = YES;
				INFOPLIST_FILE = Activity/Info.plist;
				IPHONEOS_DEPLOYMENT_TARGET = 14.0;
				LD_RUNPATH_SEARCH_PATHS = (
					"$(inherited)",
					"@executable_path/Frameworks",
				);
				PRODUCT_BUNDLE_IDENTIFIER = com.jeremyhsu.Activity;
				PRODUCT_NAME = "$(TARGET_NAME)";
				SWIFT_VERSION = 5.0;
				TARGETED_DEVICE_FAMILY = "1,2";
			};
			name = Debug;
		};
		3F90744F265AEFAA0047BA18 /* Release */ = {
			isa = XCBuildConfiguration;
			buildSettings = {
				ASSETCATALOG_COMPILER_APPICON_NAME = AppIcon;
				ASSETCATALOG_COMPILER_GLOBAL_ACCENT_COLOR_NAME = AccentColor;
				CODE_SIGN_STYLE = Automatic;
				DEVELOPMENT_ASSET_PATHS = "\"Activity/Preview Content\"";
				DEVELOPMENT_TEAM = 8B5MQ7U42Y;
				ENABLE_PREVIEWS = YES;
				INFOPLIST_FILE = Activity/Info.plist;
				IPHONEOS_DEPLOYMENT_TARGET = 14.0;
				LD_RUNPATH_SEARCH_PATHS = (
					"$(inherited)",
					"@executable_path/Frameworks",
				);
				PRODUCT_BUNDLE_IDENTIFIER = com.jeremyhsu.Activity;
				PRODUCT_NAME = "$(TARGET_NAME)";
				SWIFT_VERSION = 5.0;
				TARGETED_DEVICE_FAMILY = "1,2";
			};
			name = Release;
		};
		3F907451265AEFAA0047BA18 /* Debug */ = {
			isa = XCBuildConfiguration;
			buildSettings = {
				ALWAYS_EMBED_SWIFT_STANDARD_LIBRARIES = YES;
				BUNDLE_LOADER = "$(TEST_HOST)";
				CODE_SIGN_STYLE = Automatic;
				DEVELOPMENT_TEAM = 8B5MQ7U42Y;
				INFOPLIST_FILE = ActivityTests/Info.plist;
				IPHONEOS_DEPLOYMENT_TARGET = 14.0;
				LD_RUNPATH_SEARCH_PATHS = (
					"$(inherited)",
					"@executable_path/Frameworks",
					"@loader_path/Frameworks",
				);
				PRODUCT_BUNDLE_IDENTIFIER = com.jeremyhsu.ActivityTests;
				PRODUCT_NAME = "$(TARGET_NAME)";
				SWIFT_VERSION = 5.0;
				TARGETED_DEVICE_FAMILY = "1,2";
				TEST_HOST = "$(BUILT_PRODUCTS_DIR)/Activity.app/Activity";
			};
			name = Debug;
		};
		3F907452265AEFAA0047BA18 /* Release */ = {
			isa = XCBuildConfiguration;
			buildSettings = {
				ALWAYS_EMBED_SWIFT_STANDARD_LIBRARIES = YES;
				BUNDLE_LOADER = "$(TEST_HOST)";
				CODE_SIGN_STYLE = Automatic;
				DEVELOPMENT_TEAM = 8B5MQ7U42Y;
				INFOPLIST_FILE = ActivityTests/Info.plist;
				IPHONEOS_DEPLOYMENT_TARGET = 14.0;
				LD_RUNPATH_SEARCH_PATHS = (
					"$(inherited)",
					"@executable_path/Frameworks",
					"@loader_path/Frameworks",
				);
				PRODUCT_BUNDLE_IDENTIFIER = com.jeremyhsu.ActivityTests;
				PRODUCT_NAME = "$(TARGET_NAME)";
				SWIFT_VERSION = 5.0;
				TARGETED_DEVICE_FAMILY = "1,2";
				TEST_HOST = "$(BUILT_PRODUCTS_DIR)/Activity.app/Activity";
			};
			name = Release;
		};
		3F907454265AEFAA0047BA18 /* Debug */ = {
			isa = XCBuildConfiguration;
			buildSettings = {
				ALWAYS_EMBED_SWIFT_STANDARD_LIBRARIES = YES;
				CODE_SIGN_STYLE = Automatic;
				DEVELOPMENT_TEAM = 8B5MQ7U42Y;
				INFOPLIST_FILE = ActivityUITests/Info.plist;
				LD_RUNPATH_SEARCH_PATHS = (
					"$(inherited)",
					"@executable_path/Frameworks",
					"@loader_path/Frameworks",
				);
				PRODUCT_BUNDLE_IDENTIFIER = com.jeremyhsu.ActivityUITests;
				PRODUCT_NAME = "$(TARGET_NAME)";
				SWIFT_VERSION = 5.0;
				TARGETED_DEVICE_FAMILY = "1,2";
				TEST_TARGET_NAME = Activity;
			};
			name = Debug;
		};
		3F907455265AEFAA0047BA18 /* Release */ = {
			isa = XCBuildConfiguration;
			buildSettings = {
				ALWAYS_EMBED_SWIFT_STANDARD_LIBRARIES = YES;
				CODE_SIGN_STYLE = Automatic;
				DEVELOPMENT_TEAM = 8B5MQ7U42Y;
				INFOPLIST_FILE = ActivityUITests/Info.plist;
				LD_RUNPATH_SEARCH_PATHS = (
					"$(inherited)",
					"@executable_path/Frameworks",
					"@loader_path/Frameworks",
				);
				PRODUCT_BUNDLE_IDENTIFIER = com.jeremyhsu.ActivityUITests;
				PRODUCT_NAME = "$(TARGET_NAME)";
				SWIFT_VERSION = 5.0;
				TARGETED_DEVICE_FAMILY = "1,2";
				TEST_TARGET_NAME = Activity;
			};
			name = Release;
		};
/* End XCBuildConfiguration section */

/* Begin XCConfigurationList section */
		3F907423265AEFA80047BA18 /* Build configuration list for PBXProject "Activity" */ = {
			isa = XCConfigurationList;
			buildConfigurations = (
				3F90744B265AEFAA0047BA18 /* Debug */,
				3F90744C265AEFAA0047BA18 /* Release */,
			);
			defaultConfigurationIsVisible = 0;
			defaultConfigurationName = Release;
		};
		3F90744D265AEFAA0047BA18 /* Build configuration list for PBXNativeTarget "Activity" */ = {
			isa = XCConfigurationList;
			buildConfigurations = (
				3F90744E265AEFAA0047BA18 /* Debug */,
				3F90744F265AEFAA0047BA18 /* Release */,
			);
			defaultConfigurationIsVisible = 0;
			defaultConfigurationName = Release;
		};
		3F907450265AEFAA0047BA18 /* Build configuration list for PBXNativeTarget "ActivityTests" */ = {
			isa = XCConfigurationList;
			buildConfigurations = (
				3F907451265AEFAA0047BA18 /* Debug */,
				3F907452265AEFAA0047BA18 /* Release */,
			);
			defaultConfigurationIsVisible = 0;
			defaultConfigurationName = Release;
		};
		3F907453265AEFAA0047BA18 /* Build configuration list for PBXNativeTarget "ActivityUITests" */ = {
			isa = XCConfigurationList;
			buildConfigurations = (
				3F907454265AEFAA0047BA18 /* Debug */,
				3F907455265AEFAA0047BA18 /* Release */,
			);
			defaultConfigurationIsVisible = 0;
			defaultConfigurationName = Release;
		};
/* End XCConfigurationList section */
	};
	rootObject = 3F907420265AEFA80047BA18 /* Project object */;
}
